
Microsoft Visual Studio Solution File, Format Version 12.00
# Visual Studio Version 17
VisualStudioVersion = 17.11.35327.3
MinimumVisualStudioVersion = 10.0.40219.1
Project("{FAE04EC0-301F-11D3-BF4B-00C04F79EFBC}") = "Assignment", "Assignment\Assignment.csproj", "{18CC44E6-8C44-42F1-A4D1-7BA819AC81FE}"
EndProject
Global
	GlobalSection(SolutionConfigurationPlatforms) = preSolution
		Debug|Any CPU = Debug|Any CPU
		Release|Any CPU = Release|Any CPU
	EndGlobalSection
	GlobalSection(ProjectConfigurationPlatforms) = postSolution
		{18CC44E6-8C44-42F1-A4D1-7BA819AC81FE}.Debug|Any CPU.ActiveCfg = Debug|Any CPU
		{18CC44E6-8C44-42F1-A4D1-7BA819AC81FE}.Debug|Any CPU.Build.0 = Debug|Any CPU
		{18CC44E6-8C44-42F1-A4D1-7BA819AC81FE}.Release|Any CPU.ActiveCfg = Release|Any CPU
		{18CC44E6-8C44-42F1-A4D1-7BA819AC81FE}.Release|Any CPU.Build.0 = Release|Any CPU
	EndGlobalSection
	GlobalSection(SolutionProperties) = preSolution
		HideSolutionNode = FALSE
	EndGlobalSection
	GlobalSection(ExtensibilityGlobals) = postSolution
		SolutionGuid = {01A21354-D8ED-42D6-8A24-5ECDAA9DEB25}
	EndGlobalSection
EndGlobal
